<?xml version="1.0" encoding="UTF-8" standalone="yes" ?>
<CodeBlocks_project_file>
	<FileVersion major="1" minor="6" />
	<Project>
		<Option title="zncc_depth_estimation" />
		<Option pch_mode="2" />
		<Option compiler="gcc" />
		<Build>
			<Target title="Debug">
				<Option output="bin/Debug/zncc_depth_estimation" prefix_auto="1" extension_auto="1" />
				<Option object_output="obj/Debug/" />
				<Option type="1" />
				<Option compiler="gcc" />
				<Compiler>
					<Add option="-g" />
				</Compiler>
			</Target>
			<Target title="Release">
				<Option output="bin/Release/zncc_depth_estimation" prefix_auto="1" extension_auto="1" />
				<Option object_output="obj/Release/" />
				<Option type="1" />
				<Option compiler="gcc" />
				<Compiler>
					<Add option="-O3" />
					<Add option="-march=native" />
				</Compiler>
				<Linker>
					<Add option="-s" />
				</Linker>
			</Target>
		</Build>
		<Compiler>
			<Add option="-O3" />
			<Add option="-Wall" />
			<Add option="-m64" />
			<Add option="-fexceptions" />
		</Compiler>
		<Linker>
			<Add option="-m64" />
			<Add library="OpenCL" />
		</Linker>
		<Unit filename="Disparity.hpp" />
		<Unit filename="Image.cpp" />
		<Unit filename="Image.hpp" />
		<Unit filename="MultiThreadedDisparity.cpp" />
		<Unit filename="MultiThreadedDisparity.hpp" />
		<Unit filename="OpenCLContext.cpp" />
		<Unit filename="OpenCLContext.hpp" />
		<Unit filename="OpenCLDisparity.cpp" />
		<Unit filename="OpenCLDisparity.hpp" />
		<Unit filename="PostProcessing.cpp" />
		<Unit filename="PostProcessing.hpp" />
		<Unit filename="SerialDisparity.cpp" />
		<Unit filename="SerialDisparity.hpp" />
		<Unit filename="ThreadPool.cpp" />
		<Unit filename="ThreadPool.hpp" />
		<Unit filename="Utils.cpp" />
		<Unit filename="Utils.hpp" />
		<Unit filename="kernels_cpu.hpp" />
		<Unit filename="kernels_opencl.hpp" />
		<Unit filename="lodepng/lodepng.cpp" />
		<Unit filename="lodepng/lodepng.h" />
		<Unit filename="main.cpp" />
		<Extensions>
			<lib_finder disable_auto="1" />
		</Extensions>
	</Project>
</CodeBlocks_project_file>
